// !$*UTF8*$!
{
	archiveVersion = 1;
	classes = {
	};
	objectVersion = 50;
	objects = {

/* Begin PBXBuildFile section */
		6203020B24D102D5009DC1B7 /* SymptomCell.swift in Sources */ = {isa = PBXBuildFile; fileRef = 6203020A24D102D5009DC1B7 /* SymptomCell.swift */; };
		62288E3824D5006A0000D1EA /* DiagnosisCell.swift in Sources */ = {isa = PBXBuildFile; fileRef = 62288E3724D5006A0000D1EA /* DiagnosisCell.swift */; };
		6238414024AFFABC00BE1645 /* Symptoms.swift in Sources */ = {isa = PBXBuildFile; fileRef = 6238413F24AFFABC00BE1645 /* Symptoms.swift */; };
		624F433124AE6BFB009DE306 /* SymptomsViewController.swift in Sources */ = {isa = PBXBuildFile; fileRef = 624F433024AE6BFB009DE306 /* SymptomsViewController.swift */; };
		627D51C124A955D80034D19E /* AppDelegate.swift in Sources */ = {isa = PBXBuildFile; fileRef = 627D51C024A955D80034D19E /* AppDelegate.swift */; };
		627D51C324A955D80034D19E /* SceneDelegate.swift in Sources */ = {isa = PBXBuildFile; fileRef = 627D51C224A955D80034D19E /* SceneDelegate.swift */; };
		627D51C524A955D80034D19E /* HomeViewController.swift in Sources */ = {isa = PBXBuildFile; fileRef = 627D51C424A955D80034D19E /* HomeViewController.swift */; };
		627D51C824A955D80034D19E /* Main.storyboard in Resources */ = {isa = PBXBuildFile; fileRef = 627D51C624A955D80034D19E /* Main.storyboard */; };
		627D51CA24A955DC0034D19E /* Assets.xcassets in Resources */ = {isa = PBXBuildFile; fileRef = 627D51C924A955DC0034D19E /* Assets.xcassets */; };
		627D51CD24A955DC0034D19E /* LaunchScreen.storyboard in Resources */ = {isa = PBXBuildFile; fileRef = 627D51CB24A955DC0034D19E /* LaunchScreen.storyboard */; };
		627D51D824A955DC0034D19E /* Health_and_FitnessTests.swift in Sources */ = {isa = PBXBuildFile; fileRef = 627D51D724A955DC0034D19E /* Health_and_FitnessTests.swift */; };
		627D51E324A955DC0034D19E /* Health_and_FitnessUITests.swift in Sources */ = {isa = PBXBuildFile; fileRef = 627D51E224A955DC0034D19E /* Health_and_FitnessUITests.swift */; };
		62A4646D24D230E500BE0E19 /* DiagnosisViewController.swift in Sources */ = {isa = PBXBuildFile; fileRef = 62A4646C24D230E500BE0E19 /* DiagnosisViewController.swift */; };
		62B1656F24C27EEF0057ECB6 /* SQlite.swift in Sources */ = {isa = PBXBuildFile; fileRef = 62B1656E24C27EEF0057ECB6 /* SQlite.swift */; };
		62B1657124C28D820057ECB6 /* APIFuncions.swift in Sources */ = {isa = PBXBuildFile; fileRef = 62B1657024C28D820057ECB6 /* APIFuncions.swift */; };
		62B48CC724DBD9B500C4B363 /* DetailedDiagnosisViewController.swift in Sources */ = {isa = PBXBuildFile; fileRef = 62B48CC624DBD9B500C4B363 /* DetailedDiagnosisViewController.swift */; };
/* End PBXBuildFile section */

/* Begin PBXContainerItemProxy section */
		627D51D424A955DC0034D19E /* PBXContainerItemProxy */ = {
			isa = PBXContainerItemProxy;
			containerPortal = 627D51B524A955D80034D19E /* Project object */;
			proxyType = 1;
			remoteGlobalIDString = 627D51BC24A955D80034D19E;
			remoteInfo = "Health and Fitness";
		};
		627D51DF24A955DC0034D19E /* PBXContainerItemProxy */ = {
			isa = PBXContainerItemProxy;
			containerPortal = 627D51B524A955D80034D19E /* Project object */;
			proxyType = 1;
			remoteGlobalIDString = 627D51BC24A955D80034D19E;
			remoteInfo = "Health and Fitness";
		};
/* End PBXContainerItemProxy section */

/* Begin PBXFileReference section */
		6203020A24D102D5009DC1B7 /* SymptomCell.swift */ = {isa = PBXFileReference; lastKnownFileType = sourcecode.swift; path = SymptomCell.swift; sourceTree = "<group>"; };
		62288E3724D5006A0000D1EA /* DiagnosisCell.swift */ = {isa = PBXFileReference; lastKnownFileType = sourcecode.swift; path = DiagnosisCell.swift; sourceTree = "<group>"; };
		6238413F24AFFABC00BE1645 /* Symptoms.swift */ = {isa = PBXFileReference; lastKnownFileType = sourcecode.swift; path = Symptoms.swift; sourceTree = "<group>"; };
		624F433024AE6BFB009DE306 /* SymptomsViewController.swift */ = {isa = PBXFileReference; lastKnownFileType = sourcecode.swift; path = SymptomsViewController.swift; sourceTree = "<group>"; };
		627D51BD24A955D80034D19E /* Health and Fitness.app */ = {isa = PBXFileReference; explicitFileType = wrapper.application; includeInIndex = 0; path = "Health and Fitness.app"; sourceTree = BUILT_PRODUCTS_DIR; };
		627D51C024A955D80034D19E /* AppDelegate.swift */ = {isa = PBXFileReference; lastKnownFileType = sourcecode.swift; path = AppDelegate.swift; sourceTree = "<group>"; };
		627D51C224A955D80034D19E /* SceneDelegate.swift */ = {isa = PBXFileReference; lastKnownFileType = sourcecode.swift; path = SceneDelegate.swift; sourceTree = "<group>"; };
		627D51C424A955D80034D19E /* HomeViewController.swift */ = {isa = PBXFileReference; lastKnownFileType = sourcecode.swift; path = HomeViewController.swift; sourceTree = "<group>"; };
		627D51C724A955D80034D19E /* Base */ = {isa = PBXFileReference; lastKnownFileType = file.storyboard; name = Base; path = Base.lproj/Main.storyboard; sourceTree = "<group>"; };
		627D51C924A955DC0034D19E /* Assets.xcassets */ = {isa = PBXFileReference; lastKnownFileType = folder.assetcatalog; path = Assets.xcassets; sourceTree = "<group>"; };
		627D51CC24A955DC0034D19E /* Base */ = {isa = PBXFileReference; lastKnownFileType = file.storyboard; name = Base; path = Base.lproj/LaunchScreen.storyboard; sourceTree = "<group>"; };
		627D51CE24A955DC0034D19E /* Info.plist */ = {isa = PBXFileReference; lastKnownFileType = text.plist.xml; path = Info.plist; sourceTree = "<group>"; };
		627D51D324A955DC0034D19E /* Health and FitnessTests.xctest */ = {isa = PBXFileReference; explicitFileType = wrapper.cfbundle; includeInIndex = 0; path = "Health and FitnessTests.xctest"; sourceTree = BUILT_PRODUCTS_DIR; };
		627D51D724A955DC0034D19E /* Health_and_FitnessTests.swift */ = {isa = PBXFileReference; lastKnownFileType = sourcecode.swift; path = Health_and_FitnessTests.swift; sourceTree = "<group>"; };
		627D51D924A955DC0034D19E /* Info.plist */ = {isa = PBXFileReference; lastKnownFileType = text.plist.xml; path = Info.plist; sourceTree = "<group>"; };
		627D51DE24A955DC0034D19E /* Health and FitnessUITests.xctest */ = {isa = PBXFileReference; explicitFileType = wrapper.cfbundle; includeInIndex = 0; path = "Health and FitnessUITests.xctest"; sourceTree = BUILT_PRODUCTS_DIR; };
		627D51E224A955DC0034D19E /* Health_and_FitnessUITests.swift */ = {isa = PBXFileReference; lastKnownFileType = sourcecode.swift; path = Health_and_FitnessUITests.swift; sourceTree = "<group>"; };
		627D51E424A955DC0034D19E /* Info.plist */ = {isa = PBXFileReference; lastKnownFileType = text.plist.xml; path = Info.plist; sourceTree = "<group>"; };
		62A4646C24D230E500BE0E19 /* DiagnosisViewController.swift */ = {isa = PBXFileReference; lastKnownFileType = sourcecode.swift; path = DiagnosisViewController.swift; sourceTree = "<group>"; };
		62B1656E24C27EEF0057ECB6 /* SQlite.swift */ = {isa = PBXFileReference; lastKnownFileType = sourcecode.swift; path = SQlite.swift; sourceTree = "<group>"; };
		62B1657024C28D820057ECB6 /* APIFuncions.swift */ = {isa = PBXFileReference; lastKnownFileType = sourcecode.swift; path = APIFuncions.swift; sourceTree = "<group>"; };
		62B48CC624DBD9B500C4B363 /* DetailedDiagnosisViewController.swift */ = {isa = PBXFileReference; lastKnownFileType = sourcecode.swift; path = DetailedDiagnosisViewController.swift; sourceTree = "<group>"; };
/* End PBXFileReference section */

/* Begin PBXFrameworksBuildPhase section */
		627D51BA24A955D80034D19E /* Frameworks */ = {
			isa = PBXFrameworksBuildPhase;
			buildActionMask = 2147483647;
			files = (
			);
			runOnlyForDeploymentPostprocessing = 0;
		};
		627D51D024A955DC0034D19E /* Frameworks */ = {
			isa = PBXFrameworksBuildPhase;
			buildActionMask = 2147483647;
			files = (
			);
			runOnlyForDeploymentPostprocessing = 0;
		};
		627D51DB24A955DC0034D19E /* Frameworks */ = {
			isa = PBXFrameworksBuildPhase;
			buildActionMask = 2147483647;
			files = (
			);
			runOnlyForDeploymentPostprocessing = 0;
		};
/* End PBXFrameworksBuildPhase section */

/* Begin PBXGroup section */
		627D51B424A955D80034D19E = {
			isa = PBXGroup;
			children = (
				627D51BF24A955D80034D19E /* Health and Fitness */,
				627D51D624A955DC0034D19E /* Health and FitnessTests */,
				627D51E124A955DC0034D19E /* Health and FitnessUITests */,
				627D51BE24A955D80034D19E /* Products */,
			);
			sourceTree = "<group>";
		};
		627D51BE24A955D80034D19E /* Products */ = {
			isa = PBXGroup;
			children = (
				627D51BD24A955D80034D19E /* Health and Fitness.app */,
				627D51D324A955DC0034D19E /* Health and FitnessTests.xctest */,
				627D51DE24A955DC0034D19E /* Health and FitnessUITests.xctest */,
			);
			name = Products;
			sourceTree = "<group>";
		};
		627D51BF24A955D80034D19E /* Health and Fitness */ = {
			isa = PBXGroup;
			children = (
				627D51C024A955D80034D19E /* AppDelegate.swift */,
				627D51C224A955D80034D19E /* SceneDelegate.swift */,
				627D51C424A955D80034D19E /* HomeViewController.swift */,
				624F433024AE6BFB009DE306 /* SymptomsViewController.swift */,
				62A4646C24D230E500BE0E19 /* DiagnosisViewController.swift */,
				62B48CC624DBD9B500C4B363 /* DetailedDiagnosisViewController.swift */,
				62B1657024C28D820057ECB6 /* APIFuncions.swift */,
				6238413F24AFFABC00BE1645 /* Symptoms.swift */,
				6203020A24D102D5009DC1B7 /* SymptomCell.swift */,
				62288E3724D5006A0000D1EA /* DiagnosisCell.swift */,
				62B1656E24C27EEF0057ECB6 /* SQlite.swift */,
				627D51C624A955D80034D19E /* Main.storyboard */,
				627D51C924A955DC0034D19E /* Assets.xcassets */,
				627D51CB24A955DC0034D19E /* LaunchScreen.storyboard */,
				627D51CE24A955DC0034D19E /* Info.plist */,
			);
			path = "Health and Fitness";
			sourceTree = "<group>";
		};
		627D51D624A955DC0034D19E /* Health and FitnessTests */ = {
			isa = PBXGroup;
			children = (
				627D51D724A955DC0034D19E /* Health_and_FitnessTests.swift */,
				627D51D924A955DC0034D19E /* Info.plist */,
			);
			path = "Health and FitnessTests";
			sourceTree = "<group>";
		};
		627D51E124A955DC0034D19E /* Health and FitnessUITests */ = {
			isa = PBXGroup;
			children = (
				627D51E224A955DC0034D19E /* Health_and_FitnessUITests.swift */,
				627D51E424A955DC0034D19E /* Info.plist */,
			);
			path = "Health and FitnessUITests";
			sourceTree = "<group>";
		};
/* End PBXGroup section */

/* Begin PBXNativeTarget section */
		627D51BC24A955D80034D19E /* Health and Fitness */ = {
			isa = PBXNativeTarget;
			buildConfigurationList = 627D51E724A955DC0034D19E /* Build configuration list for PBXNativeTarget "Health and Fitness" */;
			buildPhases = (
				627D51B924A955D80034D19E /* Sources */,
				627D51BA24A955D80034D19E /* Frameworks */,
				627D51BB24A955D80034D19E /* Resources */,
			);
			buildRules = (
			);
			dependencies = (
			);
			name = "Health and Fitness";
			productName = "Health and Fitness";
			productReference = 627D51BD24A955D80034D19E /* Health and Fitness.app */;
			productType = "com.apple.product-type.application";
		};
		627D51D224A955DC0034D19E /* Health and FitnessTests */ = {
			isa = PBXNativeTarget;
			buildConfigurationList = 627D51EA24A955DC0034D19E /* Build configuration list for PBXNativeTarget "Health and FitnessTests" */;
			buildPhases = (
				627D51CF24A955DC0034D19E /* Sources */,
				627D51D024A955DC0034D19E /* Frameworks */,
				627D51D124A955DC0034D19E /* Resources */,
			);
			buildRules = (
			);
			dependencies = (
				627D51D524A955DC0034D19E /* PBXTargetDependency */,
			);
			name = "Health and FitnessTests";
			productName = "Health and FitnessTests";
			productReference = 627D51D324A955DC0034D19E /* Health and FitnessTests.xctest */;
			productType = "com.apple.product-type.bundle.unit-test";
		};
		627D51DD24A955DC0034D19E /* Health and FitnessUITests */ = {
			isa = PBXNativeTarget;
			buildConfigurationList = 627D51ED24A955DC0034D19E /* Build configuration list for PBXNativeTarget "Health and FitnessUITests" */;
			buildPhases = (
				627D51DA24A955DC0034D19E /* Sources */,
				627D51DB24A955DC0034D19E /* Frameworks */,
				627D51DC24A955DC0034D19E /* Resources */,
			);
			buildRules = (
			);
			dependencies = (
				627D51E024A955DC0034D19E /* PBXTargetDependency */,
			);
			name = "Health and FitnessUITests";
			productName = "Health and FitnessUITests";
			productReference = 627D51DE24A955DC0034D19E /* Health and FitnessUITests.xctest */;
			productType = "com.apple.product-type.bundle.ui-testing";
		};
/* End PBXNativeTarget section */

/* Begin PBXProject section */
		627D51B524A955D80034D19E /* Project object */ = {
			isa = PBXProject;
			attributes = {
				LastSwiftUpdateCheck = 1130;
				LastUpgradeCheck = 1130;
				ORGANIZATIONNAME = "Thao Phan";
				TargetAttributes = {
					627D51BC24A955D80034D19E = {
						CreatedOnToolsVersion = 11.3.1;
					};
					627D51D224A955DC0034D19E = {
						CreatedOnToolsVersion = 11.3.1;
						TestTargetID = 627D51BC24A955D80034D19E;
					};
					627D51DD24A955DC0034D19E = {
						CreatedOnToolsVersion = 11.3.1;
						TestTargetID = 627D51BC24A955D80034D19E;
					};
				};
			};
			buildConfigurationList = 627D51B824A955D80034D19E /* Build configuration list for PBXProject "Health and Fitness" */;
			compatibilityVersion = "Xcode 9.3";
			developmentRegion = en;
			hasScannedForEncodings = 0;
			knownRegions = (
				en,
				Base,
			);
			mainGroup = 627D51B424A955D80034D19E;
			productRefGroup = 627D51BE24A955D80034D19E /* Products */;
			projectDirPath = "";
			projectRoot = "";
			targets = (
				627D51BC24A955D80034D19E /* Health and Fitness */,
				627D51D224A955DC0034D19E /* Health and FitnessTests */,
				627D51DD24A955DC0034D19E /* Health and FitnessUITests */,
			);
		};
/* End PBXProject section */

/* Begin PBXResourcesBuildPhase section */
		627D51BB24A955D80034D19E /* Resources */ = {
			isa = PBXResourcesBuildPhase;
			buildActionMask = 2147483647;
			files = (
				627D51CD24A955DC0034D19E /* LaunchScreen.storyboard in Resources */,
				627D51CA24A955DC0034D19E /* Assets.xcassets in Resources */,
				627D51C824A955D80034D19E /* Main.storyboard in Resources */,
			);
			runOnlyForDeploymentPostprocessing = 0;
		};
		627D51D124A955DC0034D19E /* Resources */ = {
			isa = PBXResourcesBuildPhase;
			buildActionMask = 2147483647;
			files = (
			);
			runOnlyForDeploymentPostprocessing = 0;
		};
		627D51DC24A955DC0034D19E /* Resources */ = {
			isa = PBXResourcesBuildPhase;
			buildActionMask = 2147483647;
			files = (
			);
			runOnlyForDeploymentPostprocessing = 0;
		};
/* End PBXResourcesBuildPhase section */

/* Begin PBXSourcesBuildPhase section */
		627D51B924A955D80034D19E /* Sources */ = {
			isa = PBXSourcesBuildPhase;
			buildActionMask = 2147483647;
			files = (
				6238414024AFFABC00BE1645 /* Symptoms.swift in Sources */,
				62288E3824D5006A0000D1EA /* DiagnosisCell.swift in Sources */,
				627D51C524A955D80034D19E /* HomeViewController.swift in Sources */,
				627D51C124A955D80034D19E /* AppDelegate.swift in Sources */,
				62B1656F24C27EEF0057ECB6 /* SQlite.swift in Sources */,
				62B1657124C28D820057ECB6 /* APIFuncions.swift in Sources */,
				62A4646D24D230E500BE0E19 /* DiagnosisViewController.swift in Sources */,
				6203020B24D102D5009DC1B7 /* SymptomCell.swift in Sources */,
				624F433124AE6BFB009DE306 /* SymptomsViewController.swift in Sources */,
				62B48CC724DBD9B500C4B363 /* DetailedDiagnosisViewController.swift in Sources */,
				627D51C324A955D80034D19E /* SceneDelegate.swift in Sources */,
			);
			runOnlyForDeploymentPostprocessing = 0;
		};
		627D51CF24A955DC0034D19E /* Sources */ = {
			isa = PBXSourcesBuildPhase;
			buildActionMask = 2147483647;
			files = (
				627D51D824A955DC0034D19E /* Health_and_FitnessTests.swift in Sources */,
			);
			runOnlyForDeploymentPostprocessing = 0;
		};
		627D51DA24A955DC0034D19E /* Sources */ = {
			isa = PBXSourcesBuildPhase;
			buildActionMask = 2147483647;
			files = (
				627D51E324A955DC0034D19E /* Health_and_FitnessUITests.swift in Sources */,
			);
			runOnlyForDeploymentPostprocessing = 0;
		};
/* End PBXSourcesBuildPhase section */

/* Begin PBXTargetDependency section */
		627D51D524A955DC0034D19E /* PBXTargetDependency */ = {
			isa = PBXTargetDependency;
			target = 627D51BC24A955D80034D19E /* Health and Fitness */;
			targetProxy = 627D51D424A955DC0034D19E /* PBXContainerItemProxy */;
		};
		627D51E024A955DC0034D19E /* PBXTargetDependency */ = {
			isa = PBXTargetDependency;
			target = 627D51BC24A955D80034D19E /* Health and Fitness */;
			targetProxy = 627D51DF24A955DC0034D19E /* PBXContainerItemProxy */;
		};
/* End PBXTargetDependency section */

/* Begin PBXVariantGroup section */
		627D51C624A955D80034D19E /* Main.storyboard */ = {
			isa = PBXVariantGroup;
			children = (
				627D51C724A955D80034D19E /* Base */,
			);
			name = Main.storyboard;
			sourceTree = "<group>";
		};
		627D51CB24A955DC0034D19E /* LaunchScreen.storyboard */ = {
			isa = PBXVariantGroup;
			children = (
				627D51CC24A955DC0034D19E /* Base */,
			);
			name = LaunchScreen.storyboard;
			sourceTree = "<group>";
		};
/* End PBXVariantGroup section */

/* Begin XCBuildConfiguration section */
		627D51E524A955DC0034D19E /* Debug */ = {
			isa = XCBuildConfiguration;
			buildSettings = {
				ALWAYS_SEARCH_USER_PATHS = NO;
				CLANG_ANALYZER_NONNULL = YES;
				CLANG_ANALYZER_NUMBER_OBJECT_CONVERSION = YES_AGGRESSIVE;
				CLANG_CXX_LANGUAGE_STANDARD = "gnu++14";
				CLANG_CXX_LIBRARY = "libc++";
				CLANG_ENABLE_MODULES = YES;
				CLANG_ENABLE_OBJC_ARC = YES;
				CLANG_ENABLE_OBJC_WEAK = YES;
				CLANG_WARN_BLOCK_CAPTURE_AUTORELEASING = YES;
				CLANG_WARN_BOOL_CONVERSION = YES;
				CLANG_WARN_COMMA = YES;
				CLANG_WARN_CONSTANT_CONVERSION = YES;
				CLANG_WARN_DEPRECATED_OBJC_IMPLEMENTATIONS = YES;
				CLANG_WARN_DIRECT_OBJC_ISA_USAGE = YES_ERROR;
				CLANG_WARN_DOCUMENTATION_COMMENTS = YES;
				CLANG_WARN_EMPTY_BODY = YES;
				CLANG_WARN_ENUM_CONVERSION = YES;
				CLANG_WARN_INFINITE_RECURSION = YES;
				CLANG_WARN_INT_CONVERSION = YES;
				CLANG_WARN_NON_LITERAL_NULL_CONVERSION = YES;
				CLANG_WARN_OBJC_IMPLICIT_RETAIN_SELF = YES;
				CLANG_WARN_OBJC_LITERAL_CONVERSION = YES;
				CLANG_WARN_OBJC_ROOT_CLASS = YES_ERROR;
				CLANG_WARN_RANGE_LOOP_ANALYSIS = YES;
				CLANG_WARN_STRICT_PROTOTYPES = YES;
				CLANG_WARN_SUSPICIOUS_MOVE = YES;
				CLANG_WARN_UNGUARDED_AVAILABILITY = YES_AGGRESSIVE;
				CLANG_WARN_UNREACHABLE_CODE = YES;
				CLANG_WARN__DUPLICATE_METHOD_MATCH = YES;
				COPY_PHASE_STRIP = NO;
				DEBUG_INFORMATION_FORMAT = dwarf;
				ENABLE_STRICT_OBJC_MSGSEND = YES;
				ENABLE_TESTABILITY = YES;
				GCC_C_LANGUAGE_STANDARD = gnu11;
				GCC_DYNAMIC_NO_PIC = NO;
				GCC_NO_COMMON_BLOCKS = YES;
				GCC_OPTIMIZATION_LEVEL = 0;
				GCC_PREPROCESSOR_DEFINITIONS = (
					"DEBUG=1",
					"$(inherited)",
				);
				GCC_WARN_64_TO_32_BIT_CONVERSION = YES;
				GCC_WARN_ABOUT_RETURN_TYPE = YES_ERROR;
				GCC_WARN_UNDECLARED_SELECTOR = YES;
				GCC_WARN_UNINITIALIZED_AUTOS = YES_AGGRESSIVE;
				GCC_WARN_UNUSED_FUNCTION = YES;
				GCC_WARN_UNUSED_VARIABLE = YES;
				IPHONEOS_DEPLOYMENT_TARGET = 13.2;
				MTL_ENABLE_DEBUG_INFO = INCLUDE_SOURCE;
				MTL_FAST_MATH = YES;
				ONLY_ACTIVE_ARCH = YES;
				SDKROOT = iphoneos;
				SWIFT_ACTIVE_COMPILATION_CONDITIONS = DEBUG;
				SWIFT_OPTIMIZATION_LEVEL = "-Onone";
			};
			name = Debug;
		};
		627D51E624A955DC0034D19E /* Release */ = {
			isa = XCBuildConfiguration;
			buildSettings = {
				ALWAYS_SEARCH_USER_PATHS = NO;
				CLANG_ANALYZER_NONNULL = YES;
				CLANG_ANALYZER_NUMBER_OBJECT_CONVERSION = YES_AGGRESSIVE;
				CLANG_CXX_LANGUAGE_STANDARD = "gnu++14";
				CLANG_CXX_LIBRARY = "libc++";
				CLANG_ENABLE_MODULES = YES;
				CLANG_ENABLE_OBJC_ARC = YES;
				CLANG_ENABLE_OBJC_WEAK = YES;
				CLANG_WARN_BLOCK_CAPTURE_AUTORELEASING = YES;
				CLANG_WARN_BOOL_CONVERSION = YES;
				CLANG_WARN_COMMA = YES;
				CLANG_WARN_CONSTANT_CONVERSION = YES;
				CLANG_WARN_DEPRECATED_OBJC_IMPLEMENTATIONS = YES;
				CLANG_WARN_DIRECT_OBJC_ISA_USAGE = YES_ERROR;
				CLANG_WARN_DOCUMENTATION_COMMENTS = YES;
				CLANG_WARN_EMPTY_BODY = YES;
				CLANG_WARN_ENUM_CONVERSION = YES;
				CLANG_WARN_INFINITE_RECURSION = YES;
				CLANG_WARN_INT_CONVERSION = YES;
				CLANG_WARN_NON_LITERAL_NULL_CONVERSION = YES;
				CLANG_WARN_OBJC_IMPLICIT_RETAIN_SELF = YES;
				CLANG_WARN_OBJC_LITERAL_CONVERSION = YES;
				CLANG_WARN_OBJC_ROOT_CLASS = YES_ERROR;
				CLANG_WARN_RANGE_LOOP_ANALYSIS = YES;
				CLANG_WARN_STRICT_PROTOTYPES = YES;
				CLANG_WARN_SUSPICIOUS_MOVE = YES;
				CLANG_WARN_UNGUARDED_AVAILABILITY = YES_AGGRESSIVE;
				CLANG_WARN_UNREACHABLE_CODE = YES;
				CLANG_WARN__DUPLICATE_METHOD_MATCH = YES;
				COPY_PHASE_STRIP = NO;
				DEBUG_INFORMATION_FORMAT = "dwarf-with-dsym";
				ENABLE_NS_ASSERTIONS = NO;
				ENABLE_STRICT_OBJC_MSGSEND = YES;
				GCC_C_LANGUAGE_STANDARD = gnu11;
				GCC_NO_COMMON_BLOCKS = YES;
				GCC_WARN_64_TO_32_BIT_CONVERSION = YES;
				GCC_WARN_ABOUT_RETURN_TYPE = YES_ERROR;
				GCC_WARN_UNDECLARED_SELECTOR = YES;
				GCC_WARN_UNINITIALIZED_AUTOS = YES_AGGRESSIVE;
				GCC_WARN_UNUSED_FUNCTION = YES;
				GCC_WARN_UNUSED_VARIABLE = YES;
				IPHONEOS_DEPLOYMENT_TARGET = 13.2;
				MTL_ENABLE_DEBUG_INFO = NO;
				MTL_FAST_MATH = YES;
				SDKROOT = iphoneos;
				SWIFT_COMPILATION_MODE = wholemodule;
				SWIFT_OPTIMIZATION_LEVEL = "-O";
				VALIDATE_PRODUCT = YES;
			};
			name = Release;
		};
		627D51E824A955DC0034D19E /* Debug */ = {
			isa = XCBuildConfiguration;
			buildSettings = {
				ASSETCATALOG_COMPILER_APPICON_NAME = AppIcon;
				CODE_SIGN_STYLE = Automatic;
				DEVELOPMENT_TEAM = 5UZ3HMJTNJ;
				INFOPLIST_FILE = "Health and Fitness/Info.plist";
				LD_RUNPATH_SEARCH_PATHS = (
					"$(inherited)",
					"@executable_path/Frameworks",
				);
				PRODUCT_BUNDLE_IDENTIFIER = "com.thaophan.Health-and-Fitness";
				PRODUCT_NAME = "$(TARGET_NAME)";
				SWIFT_VERSION = 5.0;
				TARGETED_DEVICE_FAMILY = "1,2";
			};
			name = Debug;
		};
		627D51E924A955DC0034D19E /* Release */ = {
			isa = XCBuildConfiguration;
			buildSettings = {
				ASSETCATALOG_COMPILER_APPICON_NAME = AppIcon;
				CODE_SIGN_STYLE = Automatic;
				DEVELOPMENT_TEAM = 5UZ3HMJTNJ;
				INFOPLIST_FILE = "Health and Fitness/Info.plist";
				LD_RUNPATH_SEARCH_PATHS = (
					"$(inherited)",
					"@executable_path/Frameworks",
				);
				PRODUCT_BUNDLE_IDENTIFIER = "com.thaophan.Health-and-Fitness";
				PRODUCT_NAME = "$(TARGET_NAME)";
				SWIFT_VERSION = 5.0;
				TARGETED_DEVICE_FAMILY = "1,2";
			};
			name = Release;
		};
		627D51EB24A955DC0034D19E /* Debug */ = {
			isa = XCBuildConfiguration;
			buildSettings = {
				ALWAYS_EMBED_SWIFT_STANDARD_LIBRARIES = YES;
				BUNDLE_LOADER = "$(TEST_HOST)";
				CODE_SIGN_STYLE = Automatic;
				INFOPLIST_FILE = "Health and FitnessTests/Info.plist";
				IPHONEOS_DEPLOYMENT_TARGET = 13.2;
				LD_RUNPATH_SEARCH_PATHS = (
					"$(inherited)",
					"@executable_path/Frameworks",
					"@loader_path/Frameworks",
				);
				PRODUCT_BUNDLE_IDENTIFIER = "com.thaophan.Health-and-FitnessTests";
				PRODUCT_NAME = "$(TARGET_NAME)";
				SWIFT_VERSION = 5.0;
				TARGETED_DEVICE_FAMILY = "1,2";
				TEST_HOST = "$(BUILT_PRODUCTS_DIR)/Health and Fitness.app/Health and Fitness";
			};
			name = Debug;
		};
		627D51EC24A955DC0034D19E /* Release */ = {
			isa = XCBuildConfiguration;
			buildSettings = {
				ALWAYS_EMBED_SWIFT_STANDARD_LIBRARIES = YES;
				BUNDLE_LOADER = "$(TEST_HOST)";
				CODE_SIGN_STYLE = Automatic;
				INFOPLIST_FILE = "Health and FitnessTests/Info.plist";
				IPHONEOS_DEPLOYMENT_TARGET = 13.2;
				LD_RUNPATH_SEARCH_PATHS = (
					"$(inherited)",
					"@executable_path/Frameworks",
					"@loader_path/Frameworks",
				);
				PRODUCT_BUNDLE_IDENTIFIER = "com.thaophan.Health-and-FitnessTests";
				PRODUCT_NAME = "$(TARGET_NAME)";
				SWIFT_VERSION = 5.0;
				TARGETED_DEVICE_FAMILY = "1,2";
				TEST_HOST = "$(BUILT_PRODUCTS_DIR)/Health and Fitness.app/Health and Fitness";
			};
			name = Release;
		};
		627D51EE24A955DC0034D19E /* Debug */ = {
			isa = XCBuildConfiguration;
			buildSettings = {
				ALWAYS_EMBED_SWIFT_STANDARD_LIBRARIES = YES;
				CODE_SIGN_STYLE = Automatic;
				INFOPLIST_FILE = "Health and FitnessUITests/Info.plist";
				LD_RUNPATH_SEARCH_PATHS = (
					"$(inherited)",
					"@executable_path/Frameworks",
					"@loader_path/Frameworks",
				);
				PRODUCT_BUNDLE_IDENTIFIER = "com.thaophan.Health-and-FitnessUITests";
				PRODUCT_NAME = "$(TARGET_NAME)";
				SWIFT_VERSION = 5.0;
				TARGETED_DEVICE_FAMILY = "1,2";
				TEST_TARGET_NAME = "Health and Fitness";
			};
			name = Debug;
		};
		627D51EF24A955DC0034D19E /* Release */ = {
			isa = XCBuildConfiguration;
			buildSettings = {
				ALWAYS_EMBED_SWIFT_STANDARD_LIBRARIES = YES;
				CODE_SIGN_STYLE = Automatic;
				INFOPLIST_FILE = "Health and FitnessUITests/Info.plist";
				LD_RUNPATH_SEARCH_PATHS = (
					"$(inherited)",
					"@executable_path/Frameworks",
					"@loader_path/Frameworks",
				);
				PRODUCT_BUNDLE_IDENTIFIER = "com.thaophan.Health-and-FitnessUITests";
				PRODUCT_NAME = "$(TARGET_NAME)";
				SWIFT_VERSION = 5.0;
				TARGETED_DEVICE_FAMILY = "1,2";
				TEST_TARGET_NAME = "Health and Fitness";
			};
			name = Release;
		};
/* End XCBuildConfiguration section */

/* Begin XCConfigurationList section */
		627D51B824A955D80034D19E /* Build configuration list for PBXProject "Health and Fitness" */ = {
			isa = XCConfigurationList;
			buildConfigurations = (
				627D51E524A955DC0034D19E /* Debug */,
				627D51E624A955DC0034D19E /* Release */,
			);
			defaultConfigurationIsVisible = 0;
			defaultConfigurationName = Release;
		};
		627D51E724A955DC0034D19E /* Build configuration list for PBXNativeTarget "Health and Fitness" */ = {
			isa = XCConfigurationList;
			buildConfigurations = (
				627D51E824A955DC0034D19E /* Debug */,
				627D51E924A955DC0034D19E /* Release */,
			);
			defaultConfigurationIsVisible = 0;
			defaultConfigurationName = Release;
		};
		627D51EA24A955DC0034D19E /* Build configuration list for PBXNativeTarget "Health and FitnessTests" */ = {
			isa = XCConfigurationList;
			buildConfigurations = (
				627D51EB24A955DC0034D19E /* Debug */,
				627D51EC24A955DC0034D19E /* Release */,
			);
			defaultConfigurationIsVisible = 0;
			defaultConfigurationName = Release;
		};
		627D51ED24A955DC0034D19E /* Build configuration list for PBXNativeTarget "Health and FitnessUITests" */ = {
			isa = XCConfigurationList;
			buildConfigurations = (
				627D51EE24A955DC0034D19E /* Debug */,
				627D51EF24A955DC0034D19E /* Release */,
			);
			defaultConfigurationIsVisible = 0;
			defaultConfigurationName = Release;
		};
/* End XCConfigurationList section */
	};
	rootObject = 627D51B524A955D80034D19E /* Project object */;
}
